
Microsoft Visual Studio Solution File, Format Version 12.00
# Visual Studio Version 17
VisualStudioVersion = 17.0.31912.275
MinimumVisualStudioVersion = 10.0.40219.1
Project("{9A19103F-16F7-4668-BE54-9A1E7A4F7556}") = "SMSAExpressServiceRequest", "Source\SMSAExpressServiceRequest\SMSAExpressServiceRequest.csproj", "{651AD2B7-C4AE-4C09-B0EC-7A2B08F1AED5}"
EndProject
Project("{FAE04EC0-301F-11D3-BF4B-00C04F79EFBC}") = "SMSAExpressServiceRequest.Sample", "Source\SMSAExpressServiceRequest.Sample\SMSAExpressServiceRequest.Sample.csproj", "{E472AAD4-15D6-4E93-8540-C5F3FF54AD0E}"
EndProject
Global
	GlobalSection(SolutionConfigurationPlatforms) = preSolution
		Debug|Any CPU = Debug|Any CPU
		Release|Any CPU = Release|Any CPU
	EndGlobalSection
	GlobalSection(ProjectConfigurationPlatforms) = postSolution
		{651AD2B7-C4AE-4C09-B0EC-7A2B08F1AED5}.Debug|Any CPU.ActiveCfg = Debug|Any CPU
		{651AD2B7-C4AE-4C09-B0EC-7A2B08F1AED5}.Debug|Any CPU.Build.0 = Debug|Any CPU
		{651AD2B7-C4AE-4C09-B0EC-7A2B08F1AED5}.Release|Any CPU.ActiveCfg = Release|Any CPU
		{651AD2B7-C4AE-4C09-B0EC-7A2B08F1AED5}.Release|Any CPU.Build.0 = Release|Any CPU
		{E472AAD4-15D6-4E93-8540-C5F3FF54AD0E}.Debug|Any CPU.ActiveCfg = Debug|Any CPU
		{E472AAD4-15D6-4E93-8540-C5F3FF54AD0E}.Debug|Any CPU.Build.0 = Debug|Any CPU
		{E472AAD4-15D6-4E93-8540-C5F3FF54AD0E}.Release|Any CPU.ActiveCfg = Release|Any CPU
		{E472AAD4-15D6-4E93-8540-C5F3FF54AD0E}.Release|Any CPU.Build.0 = Release|Any CPU
	EndGlobalSection
	GlobalSection(SolutionProperties) = preSolution
		HideSolutionNode = FALSE
	EndGlobalSection
	GlobalSection(ExtensibilityGlobals) = postSolution
		SolutionGuid = {562088B2-E383-4052-B4AA-AD19BE48FFF4}
	EndGlobalSection
EndGlobal
